<?xml version="1.0" encoding="utf-8"?>
<Project ToolsVersion="4.0" xmlns:atg="http://atg.xbox.com" xmlns="http://schemas.microsoft.com/developer/msbuild/2003">
  <ItemGroup>
    <Filter Include="Resource Files">
      <UniqueIdentifier>{8e114980-c1a3-4ada-ad7c-83caadf5daeb}</UniqueIdentifier>
      <Extensions>rc;ico;cur;bmp;dlg;rc2;rct;bin;rgs;gif;jpg;jpeg;jpe</Extensions>
    </Filter>
    <Filter Include="DXUT">
      <UniqueIdentifier>{a43c5c25-0e86-4a20-b64a-883785ff74fd}</UniqueIdentifier>
    </Filter>
    <Filter Include="Shaders">
      <UniqueIdentifier>{2c3d4c8c-5d1a-459a-a05a-a4e4b608a44e}</UniqueIdentifier>
      <Extensions>fx;fxh;hlsl</Extensions>
    </Filter>
    <Filter Include="Engine">
      <UniqueIdentifier>{a1ed3362-08e9-4077-86a7-9fadc72b4a5f}</UniqueIdentifier>
    </Filter>
    <Filter Include="Engine\Singleton">
      <UniqueIdentifier>{428afc4f-567a-4aaa-b49e-f62c2cb41a18}</UniqueIdentifier>
    </Filter>
    <Filter Include="Engine\GameObject">
      <UniqueIdentifier>{3529cdd5-7c1e-4ab4-b5c1-20fd7ffd9ebe}</UniqueIdentifier>
    </Filter>
    <Filter Include="Engine\Components">
      <UniqueIdentifier>{8cee8f53-1077-4cb8-9993-88b6358cbf5b}</UniqueIdentifier>
    </Filter>
    <Filter Include="Engine\Components\BaseComponent">
      <UniqueIdentifier>{1a04c291-437c-4dfa-a764-08f4f7497969}</UniqueIdentifier>
    </Filter>
    <Filter Include="Engine\Components\0Transform">
      <UniqueIdentifier>{ac0c852a-cdc1-427d-9f2a-5f3eb2a02759}</UniqueIdentifier>
    </Filter>
    <Filter Include="Engine\Components\1MeshRenderer">
      <UniqueIdentifier>{55d1df4e-05b7-49ac-9ed1-6f54ae467597}</UniqueIdentifier>
    </Filter>
    <Filter Include="Engine\Shader">
      <UniqueIdentifier>{28c811fc-3b8b-4e0c-a006-463c6238ea05}</UniqueIdentifier>
    </Filter>
    <Filter Include="Engine\Components\2_Camera">
      <UniqueIdentifier>{eaa8c3db-caa7-4a71-bcb6-71137e35790b}</UniqueIdentifier>
    </Filter>
    <Filter Include="Engine\GameObject\MainCamera">
      <UniqueIdentifier>{7db17498-45d9-454b-9c78-f97b19d70b47}</UniqueIdentifier>
    </Filter>
    <Filter Include="Engine\Scene">
      <UniqueIdentifier>{19b6392b-92e1-4016-a713-7ea5806b74e9}</UniqueIdentifier>
    </Filter>
    <Filter Include="Engine\Global">
      <UniqueIdentifier>{3dcac405-e827-4b88-9752-6257cba94d33}</UniqueIdentifier>
    </Filter>
    <Filter Include="Engine\Material">
      <UniqueIdentifier>{f297e93b-c709-412e-a033-f431d2b90c0f}</UniqueIdentifier>
    </Filter>
    <Filter Include="Engine\Components\3_Light">
      <UniqueIdentifier>{2cf815e6-6ad9-45fa-a714-a5cc1fa9f78b}</UniqueIdentifier>
    </Filter>
    <Filter Include="Engine\Components\3_Light\LightManager">
      <UniqueIdentifier>{e949c9b4-55d2-476b-818e-f2aebe961dbe}</UniqueIdentifier>
    </Filter>
    <Filter Include="Engine\Scene\SceneManager">
      <UniqueIdentifier>{36db9fa9-25cf-4696-8942-dbb828836191}</UniqueIdentifier>
    </Filter>
    <Filter Include="Game">
      <UniqueIdentifier>{7c05269e-b176-46b7-90e8-f141af4c7e34}</UniqueIdentifier>
    </Filter>
    <Filter Include="Game\01_Scenes">
      <UniqueIdentifier>{51cc0ae1-6335-4511-a015-ff9927c80f8e}</UniqueIdentifier>
    </Filter>
    <Filter Include="Engine\Components\4_SpriteRenderer">
      <UniqueIdentifier>{70799397-c215-4152-87e5-2c9e38e765d9}</UniqueIdentifier>
    </Filter>
    <Filter Include="Engine\Components\5_Image">
      <UniqueIdentifier>{d693694d-267d-4a13-95f5-de873e1f465b}</UniqueIdentifier>
    </Filter>
    <Filter Include="Engine\Texture">
      <UniqueIdentifier>{b70e4896-8b49-4334-9c4a-720b749850fc}</UniqueIdentifier>
    </Filter>
    <Filter Include="Engine\Components\6_Text">
      <UniqueIdentifier>{1168335c-50fd-432f-9bab-7e9fb41f28ba}</UniqueIdentifier>
    </Filter>
    <Filter Include="Engine\Components\6_Text\Font">
      <UniqueIdentifier>{93c4a116-2c9e-4015-9bc3-106e19c25f08}</UniqueIdentifier>
    </Filter>
    <Filter Include="MyDXUT">
      <UniqueIdentifier>{cb31bdd2-7a9f-4297-abf2-9d677893ea3e}</UniqueIdentifier>
    </Filter>
  </ItemGroup>
  <ItemGroup>
    <None Include="DXUT\Optional\directx.ico">
      <Filter>Resource Files</Filter>
    </None>
    <ClInclude Include="DXUT\Core\DXUT.h">
      <Filter>DXUT</Filter>
    </ClInclude>
    <ClInclude Include="DXUT\Core\DXUTenum.h">
      <Filter>DXUT</Filter>
    </ClInclude>
    <ClInclude Include="DXUT\Core\DXUTmisc.h">
      <Filter>DXUT</Filter>
    </ClInclude>
    <ClCompile Include="DXUT\Core\DXUT.cpp">
      <Filter>DXUT</Filter>
    </ClCompile>
    <ClCompile Include="DXUT\Core\DXUTenum.cpp">
      <Filter>DXUT</Filter>
    </ClCompile>
    <ClCompile Include="DXUT\Core\DXUTmisc.cpp">
      <Filter>DXUT</Filter>
    </ClCompile>
    <ClInclude Include="DXUT\Optional\DXUTcamera.h">
      <Filter>DXUT</Filter>
    </ClInclude>
    <ClInclude Include="DXUT\Optional\DXUTgui.h">
      <Filter>DXUT</Filter>
    </ClInclude>
    <ClInclude Include="DXUT\Optional\DXUTres.h">
      <Filter>DXUT</Filter>
    </ClInclude>
    <ClInclude Include="DXUT\Optional\DXUTsettingsdlg.h">
      <Filter>DXUT</Filter>
    </ClInclude>
    <ClInclude Include="DXUT\Optional\SDKmesh.h">
      <Filter>DXUT</Filter>
    </ClInclude>
    <ClInclude Include="DXUT\Optional\SDKmisc.h">
      <Filter>DXUT</Filter>
    </ClInclude>
    <ClCompile Include="DXUT\Optional\DXUTcamera.cpp">
      <Filter>DXUT</Filter>
    </ClCompile>
    <ClCompile Include="DXUT\Optional\DXUTgui.cpp">
      <Filter>DXUT</Filter>
    </ClCompile>
    <ClCompile Include="DXUT\Optional\DXUTres.cpp">
      <Filter>DXUT</Filter>
    </ClCompile>
    <ClCompile Include="DXUT\Optional\DXUTsettingsdlg.cpp">
      <Filter>DXUT</Filter>
    </ClCompile>
    <ClCompile Include="DXUT\Optional\SDKmesh.cpp">
      <Filter>DXUT</Filter>
    </ClCompile>
    <ClCompile Include="DXUT\Optional\SDKmisc.cpp">
      <Filter>DXUT</Filter>
    </ClCompile>
  </ItemGroup>
  <ItemGroup>
    <ClCompile Include="MyComponentEngine.cpp" />
    <ClCompile Include="Singleton.cpp">
      <Filter>Engine\Singleton</Filter>
    </ClCompile>
    <ClCompile Include="GameObject.cpp">
      <Filter>Engine\GameObject</Filter>
    </ClCompile>
    <ClCompile Include="Component.cpp">
      <Filter>Engine\Components\BaseComponent</Filter>
    </ClCompile>
    <ClCompile Include="Transform.cpp">
      <Filter>Engine\Components\0Transform</Filter>
    </ClCompile>
    <ClCompile Include="Shader.cpp">
      <Filter>Engine\Shader</Filter>
    </ClCompile>
    <ClCompile Include="MeshRenderer.cpp">
      <Filter>Engine\Components\1MeshRenderer</Filter>
    </ClCompile>
    <ClCompile Include="Camera.cpp">
      <Filter>Engine\Components\2_Camera</Filter>
    </ClCompile>
    <ClCompile Include="MainCamera.cpp">
      <Filter>Engine\GameObject\MainCamera</Filter>
    </ClCompile>
    <ClCompile Include="Scene.cpp">
      <Filter>Engine\Scene</Filter>
    </ClCompile>
    <ClCompile Include="Global.cpp">
      <Filter>Engine\Global</Filter>
    </ClCompile>
    <ClCompile Include="Material.cpp">
      <Filter>Engine\Material</Filter>
    </ClCompile>
    <ClCompile Include="Light.cpp">
      <Filter>Engine\Components\3_Light</Filter>
    </ClCompile>
    <ClCompile Include="LightManager.cpp">
      <Filter>Engine\Components\3_Light\LightManager</Filter>
    </ClCompile>
    <ClCompile Include="SceneManager.cpp">
      <Filter>Engine\Scene\SceneManager</Filter>
    </ClCompile>
    <ClCompile Include="TestScene.cpp">
      <Filter>Game\01_Scenes</Filter>
    </ClCompile>
    <ClCompile Include="SpriteRenderer.cpp">
      <Filter>Engine\Components\4_SpriteRenderer</Filter>
    </ClCompile>
    <ClCompile Include="Image.cpp">
      <Filter>Engine\Components\5_Image</Filter>
    </ClCompile>
    <ClCompile Include="Texture.cpp">
      <Filter>Engine\Texture</Filter>
    </ClCompile>
    <ClCompile Include="Text.cpp">
      <Filter>Engine\Components\6_Text</Filter>
    </ClCompile>
    <ClCompile Include="Font.cpp">
      <Filter>Engine\Components\6_Text\Font</Filter>
    </ClCompile>
  </ItemGroup>
  <ItemGroup>
    <CLInclude Include="resource.h">
      <Filter>Resource Files</Filter>
    </CLInclude>
    <ResourceCompile Include="MyComponentEngine.rc">
      <Filter>Resource Files</Filter>
    </ResourceCompile>
    <ClInclude Include="Singleton.h">
      <Filter>Engine\Singleton</Filter>
    </ClInclude>
    <ClInclude Include="GameObject.h">
      <Filter>Engine\GameObject</Filter>
    </ClInclude>
    <ClInclude Include="Component.h">
      <Filter>Engine\Components\BaseComponent</Filter>
    </ClInclude>
    <ClInclude Include="Transform.h">
      <Filter>Engine\Components\0Transform</Filter>
    </ClInclude>
    <ClInclude Include="Shader.h">
      <Filter>Engine\Shader</Filter>
    </ClInclude>
    <ClInclude Include="MeshRenderer.h">
      <Filter>Engine\Components\1MeshRenderer</Filter>
    </ClInclude>
    <ClInclude Include="Camera.h">
      <Filter>Engine\Components\2_Camera</Filter>
    </ClInclude>
    <ClInclude Include="MainCamera.h">
      <Filter>Engine\GameObject\MainCamera</Filter>
    </ClInclude>
    <ClInclude Include="Scene.h">
      <Filter>Engine\Scene</Filter>
    </ClInclude>
    <ClInclude Include="Global.h">
      <Filter>Engine\Global</Filter>
    </ClInclude>
    <ClInclude Include="Material.h">
      <Filter>Engine\Material</Filter>
    </ClInclude>
    <ClInclude Include="Light.h">
      <Filter>Engine\Components\3_Light</Filter>
    </ClInclude>
    <ClInclude Include="LightManager.h">
      <Filter>Engine\Components\3_Light\LightManager</Filter>
    </ClInclude>
    <ClInclude Include="SceneManager.h">
      <Filter>Engine\Scene\SceneManager</Filter>
    </ClInclude>
    <ClInclude Include="TestScene.h">
      <Filter>Game\01_Scenes</Filter>
    </ClInclude>
    <ClInclude Include="SpriteRenderer.h">
      <Filter>Engine\Components\4_SpriteRenderer</Filter>
    </ClInclude>
    <ClInclude Include="Image.h">
      <Filter>Engine\Components\5_Image</Filter>
    </ClInclude>
    <ClInclude Include="Texture.h">
      <Filter>Engine\Texture</Filter>
    </ClInclude>
    <ClInclude Include="Text.h">
      <Filter>Engine\Components\6_Text</Filter>
    </ClInclude>
    <ClInclude Include="Font.h">
      <Filter>Engine\Components\6_Text\Font</Filter>
    </ClInclude>
    <ClInclude Include="MyD3DXMath.h">
      <Filter>MyDXUT</Filter>
    </ClInclude>
  </ItemGroup>
  <ItemGroup>
  </ItemGroup>
</Project>